
Microsoft Visual Studio Solution File, Format Version 12.00
# Visual Studio Version 17
VisualStudioVersion = 17.1.32421.90
MinimumVisualStudioVersion = 10.0.40219.1
Project("{FAE04EC0-301F-11D3-BF4B-00C04F79EFBC}") = "MarketMedia", "MarketMedia.csproj", "{BB844D99-46FB-494D-A21B-04BC4C9B71F1}"
EndProject
Global
	GlobalSection(SolutionConfigurationPlatforms) = preSolution
		Debug|Any CPU = Debug|Any CPU
		Release|Any CPU = Release|Any CPU
	EndGlobalSection
	GlobalSection(ProjectConfigurationPlatforms) = postSolution
		{BB844D99-46FB-494D-A21B-04BC4C9B71F1}.Debug|Any CPU.ActiveCfg = Debug|Any CPU
		{BB844D99-46FB-494D-A21B-04BC4C9B71F1}.Debug|Any CPU.Build.0 = Debug|Any CPU
		{BB844D99-46FB-494D-A21B-04BC4C9B71F1}.Release|Any CPU.ActiveCfg = Release|Any CPU
		{BB844D99-46FB-494D-A21B-04BC4C9B71F1}.Release|Any CPU.Build.0 = Release|Any CPU
	EndGlobalSection
	GlobalSection(SolutionProperties) = preSolution
		HideSolutionNode = FALSE
	EndGlobalSection
	GlobalSection(ExtensibilityGlobals) = postSolution
		SolutionGuid = {0529EE02-E164-4A05-9BE0-BC63249BF11A}
	EndGlobalSection
EndGlobal
